
Microsoft Visual Studio Solution File, Format Version 12.00
# Visual Studio 15
VisualStudioVersion = 15.0.26124.0
MinimumVisualStudioVersion = 15.0.26124.0
Project("{FAE04EC0-301F-11D3-BF4B-00C04F79EFBC}") = "DeOlho.ETL.tse_jus_br.Domain", "1-Domain\DeOlho.ETL.tse_jus_br.Domain.csproj", "{7932AF9A-B652-4311-8157-651BD754FE51}"
EndProject
Project("{FAE04EC0-301F-11D3-BF4B-00C04F79EFBC}") = "DeOlho.ETL.tse_jus_br.Infrastructure", "2-Infrastructure\DeOlho.ETL.tse_jus_br.Infrastructure.csproj", "{C7615339-9A7C-4C43-85E0-DAADAECAF084}"
EndProject
Project("{FAE04EC0-301F-11D3-BF4B-00C04F79EFBC}") = "DeOlho.ETL.tse_jus_br.Application", "3-Application\DeOlho.ETL.tse_jus_br.Application.csproj", "{DCB50204-87C7-4F9F-9617-3EF4C1BF19D9}"
EndProject
Project("{FAE04EC0-301F-11D3-BF4B-00C04F79EFBC}") = "DeOlho.ETL.tse_jus_br.UnitTests", "5-UnitTests\DeOlho.ETL.tse_jus_br.UnitTests.csproj", "{D920712A-33DC-40E6-A049-E058D31F9140}"
EndProject
Project("{FAE04EC0-301F-11D3-BF4B-00C04F79EFBC}") = "DeOlho.ETL.tse_jus_br.API", "4-API\DeOlho.ETL.tse_jus_br.API.csproj", "{25258D46-120A-432A-A763-C04D749B1988}"
EndProject
Global
	GlobalSection(SolutionConfigurationPlatforms) = preSolution
		Debug|Any CPU = Debug|Any CPU
		Debug|x64 = Debug|x64
		Debug|x86 = Debug|x86
		Release|Any CPU = Release|Any CPU
		Release|x64 = Release|x64
		Release|x86 = Release|x86
	EndGlobalSection
	GlobalSection(SolutionProperties) = preSolution
		HideSolutionNode = FALSE
	EndGlobalSection
	GlobalSection(ProjectConfigurationPlatforms) = postSolution
		{966A89B2-0D4D-495F-A7E4-D1E58262AF83}.Debug|Any CPU.ActiveCfg = Debug|Any CPU
		{966A89B2-0D4D-495F-A7E4-D1E58262AF83}.Debug|Any CPU.Build.0 = Debug|Any CPU
		{966A89B2-0D4D-495F-A7E4-D1E58262AF83}.Debug|x64.ActiveCfg = Debug|Any CPU
		{966A89B2-0D4D-495F-A7E4-D1E58262AF83}.Debug|x64.Build.0 = Debug|Any CPU
		{966A89B2-0D4D-495F-A7E4-D1E58262AF83}.Debug|x86.ActiveCfg = Debug|Any CPU
		{966A89B2-0D4D-495F-A7E4-D1E58262AF83}.Debug|x86.Build.0 = Debug|Any CPU
		{966A89B2-0D4D-495F-A7E4-D1E58262AF83}.Release|Any CPU.ActiveCfg = Release|Any CPU
		{966A89B2-0D4D-495F-A7E4-D1E58262AF83}.Release|Any CPU.Build.0 = Release|Any CPU
		{966A89B2-0D4D-495F-A7E4-D1E58262AF83}.Release|x64.ActiveCfg = Release|Any CPU
		{966A89B2-0D4D-495F-A7E4-D1E58262AF83}.Release|x64.Build.0 = Release|Any CPU
		{966A89B2-0D4D-495F-A7E4-D1E58262AF83}.Release|x86.ActiveCfg = Release|Any CPU
		{966A89B2-0D4D-495F-A7E4-D1E58262AF83}.Release|x86.Build.0 = Release|Any CPU
		{A9617064-C46E-4173-AA03-99F83FD53235}.Debug|Any CPU.ActiveCfg = Debug|Any CPU
		{A9617064-C46E-4173-AA03-99F83FD53235}.Debug|Any CPU.Build.0 = Debug|Any CPU
		{A9617064-C46E-4173-AA03-99F83FD53235}.Debug|x64.ActiveCfg = Debug|Any CPU
		{A9617064-C46E-4173-AA03-99F83FD53235}.Debug|x64.Build.0 = Debug|Any CPU
		{A9617064-C46E-4173-AA03-99F83FD53235}.Debug|x86.ActiveCfg = Debug|Any CPU
		{A9617064-C46E-4173-AA03-99F83FD53235}.Debug|x86.Build.0 = Debug|Any CPU
		{A9617064-C46E-4173-AA03-99F83FD53235}.Release|Any CPU.ActiveCfg = Release|Any CPU
		{A9617064-C46E-4173-AA03-99F83FD53235}.Release|Any CPU.Build.0 = Release|Any CPU
		{A9617064-C46E-4173-AA03-99F83FD53235}.Release|x64.ActiveCfg = Release|Any CPU
		{A9617064-C46E-4173-AA03-99F83FD53235}.Release|x64.Build.0 = Release|Any CPU
		{A9617064-C46E-4173-AA03-99F83FD53235}.Release|x86.ActiveCfg = Release|Any CPU
		{A9617064-C46E-4173-AA03-99F83FD53235}.Release|x86.Build.0 = Release|Any CPU
		{9085B2F8-DB98-4EDE-BAEE-F82A3996AB6B}.Debug|Any CPU.ActiveCfg = Debug|Any CPU
		{9085B2F8-DB98-4EDE-BAEE-F82A3996AB6B}.Debug|Any CPU.Build.0 = Debug|Any CPU
		{9085B2F8-DB98-4EDE-BAEE-F82A3996AB6B}.Debug|x64.ActiveCfg = Debug|Any CPU
		{9085B2F8-DB98-4EDE-BAEE-F82A3996AB6B}.Debug|x64.Build.0 = Debug|Any CPU
		{9085B2F8-DB98-4EDE-BAEE-F82A3996AB6B}.Debug|x86.ActiveCfg = Debug|Any CPU
		{9085B2F8-DB98-4EDE-BAEE-F82A3996AB6B}.Debug|x86.Build.0 = Debug|Any CPU
		{9085B2F8-DB98-4EDE-BAEE-F82A3996AB6B}.Release|Any CPU.ActiveCfg = Release|Any CPU
		{9085B2F8-DB98-4EDE-BAEE-F82A3996AB6B}.Release|Any CPU.Build.0 = Release|Any CPU
		{9085B2F8-DB98-4EDE-BAEE-F82A3996AB6B}.Release|x64.ActiveCfg = Release|Any CPU
		{9085B2F8-DB98-4EDE-BAEE-F82A3996AB6B}.Release|x64.Build.0 = Release|Any CPU
		{9085B2F8-DB98-4EDE-BAEE-F82A3996AB6B}.Release|x86.ActiveCfg = Release|Any CPU
		{9085B2F8-DB98-4EDE-BAEE-F82A3996AB6B}.Release|x86.Build.0 = Release|Any CPU
		{B105E332-53D9-4156-81C2-0B5D26FD8542}.Debug|Any CPU.ActiveCfg = Debug|Any CPU
		{B105E332-53D9-4156-81C2-0B5D26FD8542}.Debug|Any CPU.Build.0 = Debug|Any CPU
		{B105E332-53D9-4156-81C2-0B5D26FD8542}.Debug|x64.ActiveCfg = Debug|Any CPU
		{B105E332-53D9-4156-81C2-0B5D26FD8542}.Debug|x64.Build.0 = Debug|Any CPU
		{B105E332-53D9-4156-81C2-0B5D26FD8542}.Debug|x86.ActiveCfg = Debug|Any CPU
		{B105E332-53D9-4156-81C2-0B5D26FD8542}.Debug|x86.Build.0 = Debug|Any CPU
		{B105E332-53D9-4156-81C2-0B5D26FD8542}.Release|Any CPU.ActiveCfg = Release|Any CPU
		{B105E332-53D9-4156-81C2-0B5D26FD8542}.Release|Any CPU.Build.0 = Release|Any CPU
		{B105E332-53D9-4156-81C2-0B5D26FD8542}.Release|x64.ActiveCfg = Release|Any CPU
		{B105E332-53D9-4156-81C2-0B5D26FD8542}.Release|x64.Build.0 = Release|Any CPU
		{B105E332-53D9-4156-81C2-0B5D26FD8542}.Release|x86.ActiveCfg = Release|Any CPU
		{B105E332-53D9-4156-81C2-0B5D26FD8542}.Release|x86.Build.0 = Release|Any CPU
		{41A13E0D-766F-41A1-9A3D-CB8DE1360796}.Debug|Any CPU.ActiveCfg = Debug|Any CPU
		{41A13E0D-766F-41A1-9A3D-CB8DE1360796}.Debug|Any CPU.Build.0 = Debug|Any CPU
		{41A13E0D-766F-41A1-9A3D-CB8DE1360796}.Debug|x64.ActiveCfg = Debug|Any CPU
		{41A13E0D-766F-41A1-9A3D-CB8DE1360796}.Debug|x64.Build.0 = Debug|Any CPU
		{41A13E0D-766F-41A1-9A3D-CB8DE1360796}.Debug|x86.ActiveCfg = Debug|Any CPU
		{41A13E0D-766F-41A1-9A3D-CB8DE1360796}.Debug|x86.Build.0 = Debug|Any CPU
		{41A13E0D-766F-41A1-9A3D-CB8DE1360796}.Release|Any CPU.ActiveCfg = Release|Any CPU
		{41A13E0D-766F-41A1-9A3D-CB8DE1360796}.Release|Any CPU.Build.0 = Release|Any CPU
		{41A13E0D-766F-41A1-9A3D-CB8DE1360796}.Release|x64.ActiveCfg = Release|Any CPU
		{41A13E0D-766F-41A1-9A3D-CB8DE1360796}.Release|x64.Build.0 = Release|Any CPU
		{41A13E0D-766F-41A1-9A3D-CB8DE1360796}.Release|x86.ActiveCfg = Release|Any CPU
		{41A13E0D-766F-41A1-9A3D-CB8DE1360796}.Release|x86.Build.0 = Release|Any CPU
		{1F83FD60-3631-4894-91E9-717430C36B1A}.Debug|Any CPU.ActiveCfg = Debug|Any CPU
		{1F83FD60-3631-4894-91E9-717430C36B1A}.Debug|Any CPU.Build.0 = Debug|Any CPU
		{1F83FD60-3631-4894-91E9-717430C36B1A}.Debug|x64.ActiveCfg = Debug|Any CPU
		{1F83FD60-3631-4894-91E9-717430C36B1A}.Debug|x64.Build.0 = Debug|Any CPU
		{1F83FD60-3631-4894-91E9-717430C36B1A}.Debug|x86.ActiveCfg = Debug|Any CPU
		{1F83FD60-3631-4894-91E9-717430C36B1A}.Debug|x86.Build.0 = Debug|Any CPU
		{1F83FD60-3631-4894-91E9-717430C36B1A}.Release|Any CPU.ActiveCfg = Release|Any CPU
		{1F83FD60-3631-4894-91E9-717430C36B1A}.Release|Any CPU.Build.0 = Release|Any CPU
		{1F83FD60-3631-4894-91E9-717430C36B1A}.Release|x64.ActiveCfg = Release|Any CPU
		{1F83FD60-3631-4894-91E9-717430C36B1A}.Release|x64.Build.0 = Release|Any CPU
		{1F83FD60-3631-4894-91E9-717430C36B1A}.Release|x86.ActiveCfg = Release|Any CPU
		{1F83FD60-3631-4894-91E9-717430C36B1A}.Release|x86.Build.0 = Release|Any CPU
		{87DE76B4-9F1D-4849-AAF4-3B9F90695D60}.Debug|Any CPU.ActiveCfg = Debug|Any CPU
		{87DE76B4-9F1D-4849-AAF4-3B9F90695D60}.Debug|Any CPU.Build.0 = Debug|Any CPU
		{87DE76B4-9F1D-4849-AAF4-3B9F90695D60}.Debug|x64.ActiveCfg = Debug|Any CPU
		{87DE76B4-9F1D-4849-AAF4-3B9F90695D60}.Debug|x64.Build.0 = Debug|Any CPU
		{87DE76B4-9F1D-4849-AAF4-3B9F90695D60}.Debug|x86.ActiveCfg = Debug|Any CPU
		{87DE76B4-9F1D-4849-AAF4-3B9F90695D60}.Debug|x86.Build.0 = Debug|Any CPU
		{87DE76B4-9F1D-4849-AAF4-3B9F90695D60}.Release|Any CPU.ActiveCfg = Release|Any CPU
		{87DE76B4-9F1D-4849-AAF4-3B9F90695D60}.Release|Any CPU.Build.0 = Release|Any CPU
		{87DE76B4-9F1D-4849-AAF4-3B9F90695D60}.Release|x64.ActiveCfg = Release|Any CPU
		{87DE76B4-9F1D-4849-AAF4-3B9F90695D60}.Release|x64.Build.0 = Release|Any CPU
		{87DE76B4-9F1D-4849-AAF4-3B9F90695D60}.Release|x86.ActiveCfg = Release|Any CPU
		{87DE76B4-9F1D-4849-AAF4-3B9F90695D60}.Release|x86.Build.0 = Release|Any CPU
		{9332DE8B-F8B7-48D9-B69B-980FFF9B105F}.Debug|Any CPU.ActiveCfg = Debug|Any CPU
		{9332DE8B-F8B7-48D9-B69B-980FFF9B105F}.Debug|Any CPU.Build.0 = Debug|Any CPU
		{9332DE8B-F8B7-48D9-B69B-980FFF9B105F}.Debug|x64.ActiveCfg = Debug|Any CPU
		{9332DE8B-F8B7-48D9-B69B-980FFF9B105F}.Debug|x64.Build.0 = Debug|Any CPU
		{9332DE8B-F8B7-48D9-B69B-980FFF9B105F}.Debug|x86.ActiveCfg = Debug|Any CPU
		{9332DE8B-F8B7-48D9-B69B-980FFF9B105F}.Debug|x86.Build.0 = Debug|Any CPU
		{9332DE8B-F8B7-48D9-B69B-980FFF9B105F}.Release|Any CPU.ActiveCfg = Release|Any CPU
		{9332DE8B-F8B7-48D9-B69B-980FFF9B105F}.Release|Any CPU.Build.0 = Release|Any CPU
		{9332DE8B-F8B7-48D9-B69B-980FFF9B105F}.Release|x64.ActiveCfg = Release|Any CPU
		{9332DE8B-F8B7-48D9-B69B-980FFF9B105F}.Release|x64.Build.0 = Release|Any CPU
		{9332DE8B-F8B7-48D9-B69B-980FFF9B105F}.Release|x86.ActiveCfg = Release|Any CPU
		{9332DE8B-F8B7-48D9-B69B-980FFF9B105F}.Release|x86.Build.0 = Release|Any CPU
		{7932AF9A-B652-4311-8157-651BD754FE51}.Debug|Any CPU.ActiveCfg = Debug|Any CPU
		{7932AF9A-B652-4311-8157-651BD754FE51}.Debug|Any CPU.Build.0 = Debug|Any CPU
		{7932AF9A-B652-4311-8157-651BD754FE51}.Debug|x64.ActiveCfg = Debug|Any CPU
		{7932AF9A-B652-4311-8157-651BD754FE51}.Debug|x64.Build.0 = Debug|Any CPU
		{7932AF9A-B652-4311-8157-651BD754FE51}.Debug|x86.ActiveCfg = Debug|Any CPU
		{7932AF9A-B652-4311-8157-651BD754FE51}.Debug|x86.Build.0 = Debug|Any CPU
		{7932AF9A-B652-4311-8157-651BD754FE51}.Release|Any CPU.ActiveCfg = Release|Any CPU
		{7932AF9A-B652-4311-8157-651BD754FE51}.Release|Any CPU.Build.0 = Release|Any CPU
		{7932AF9A-B652-4311-8157-651BD754FE51}.Release|x64.ActiveCfg = Release|Any CPU
		{7932AF9A-B652-4311-8157-651BD754FE51}.Release|x64.Build.0 = Release|Any CPU
		{7932AF9A-B652-4311-8157-651BD754FE51}.Release|x86.ActiveCfg = Release|Any CPU
		{7932AF9A-B652-4311-8157-651BD754FE51}.Release|x86.Build.0 = Release|Any CPU
		{C7615339-9A7C-4C43-85E0-DAADAECAF084}.Debug|Any CPU.ActiveCfg = Debug|Any CPU
		{C7615339-9A7C-4C43-85E0-DAADAECAF084}.Debug|Any CPU.Build.0 = Debug|Any CPU
		{C7615339-9A7C-4C43-85E0-DAADAECAF084}.Debug|x64.ActiveCfg = Debug|Any CPU
		{C7615339-9A7C-4C43-85E0-DAADAECAF084}.Debug|x64.Build.0 = Debug|Any CPU
		{C7615339-9A7C-4C43-85E0-DAADAECAF084}.Debug|x86.ActiveCfg = Debug|Any CPU
		{C7615339-9A7C-4C43-85E0-DAADAECAF084}.Debug|x86.Build.0 = Debug|Any CPU
		{C7615339-9A7C-4C43-85E0-DAADAECAF084}.Release|Any CPU.ActiveCfg = Release|Any CPU
		{C7615339-9A7C-4C43-85E0-DAADAECAF084}.Release|Any CPU.Build.0 = Release|Any CPU
		{C7615339-9A7C-4C43-85E0-DAADAECAF084}.Release|x64.ActiveCfg = Release|Any CPU
		{C7615339-9A7C-4C43-85E0-DAADAECAF084}.Release|x64.Build.0 = Release|Any CPU
		{C7615339-9A7C-4C43-85E0-DAADAECAF084}.Release|x86.ActiveCfg = Release|Any CPU
		{C7615339-9A7C-4C43-85E0-DAADAECAF084}.Release|x86.Build.0 = Release|Any CPU
		{DCB50204-87C7-4F9F-9617-3EF4C1BF19D9}.Debug|Any CPU.ActiveCfg = Debug|Any CPU
		{DCB50204-87C7-4F9F-9617-3EF4C1BF19D9}.Debug|Any CPU.Build.0 = Debug|Any CPU
		{DCB50204-87C7-4F9F-9617-3EF4C1BF19D9}.Debug|x64.ActiveCfg = Debug|Any CPU
		{DCB50204-87C7-4F9F-9617-3EF4C1BF19D9}.Debug|x64.Build.0 = Debug|Any CPU
		{DCB50204-87C7-4F9F-9617-3EF4C1BF19D9}.Debug|x86.ActiveCfg = Debug|Any CPU
		{DCB50204-87C7-4F9F-9617-3EF4C1BF19D9}.Debug|x86.Build.0 = Debug|Any CPU
		{DCB50204-87C7-4F9F-9617-3EF4C1BF19D9}.Release|Any CPU.ActiveCfg = Release|Any CPU
		{DCB50204-87C7-4F9F-9617-3EF4C1BF19D9}.Release|Any CPU.Build.0 = Release|Any CPU
		{DCB50204-87C7-4F9F-9617-3EF4C1BF19D9}.Release|x64.ActiveCfg = Release|Any CPU
		{DCB50204-87C7-4F9F-9617-3EF4C1BF19D9}.Release|x64.Build.0 = Release|Any CPU
		{DCB50204-87C7-4F9F-9617-3EF4C1BF19D9}.Release|x86.ActiveCfg = Release|Any CPU
		{DCB50204-87C7-4F9F-9617-3EF4C1BF19D9}.Release|x86.Build.0 = Release|Any CPU
		{D920712A-33DC-40E6-A049-E058D31F9140}.Debug|Any CPU.ActiveCfg = Debug|Any CPU
		{D920712A-33DC-40E6-A049-E058D31F9140}.Debug|Any CPU.Build.0 = Debug|Any CPU
		{D920712A-33DC-40E6-A049-E058D31F9140}.Debug|x64.ActiveCfg = Debug|Any CPU
		{D920712A-33DC-40E6-A049-E058D31F9140}.Debug|x64.Build.0 = Debug|Any CPU
		{D920712A-33DC-40E6-A049-E058D31F9140}.Debug|x86.ActiveCfg = Debug|Any CPU
		{D920712A-33DC-40E6-A049-E058D31F9140}.Debug|x86.Build.0 = Debug|Any CPU
		{D920712A-33DC-40E6-A049-E058D31F9140}.Release|Any CPU.ActiveCfg = Release|Any CPU
		{D920712A-33DC-40E6-A049-E058D31F9140}.Release|Any CPU.Build.0 = Release|Any CPU
		{D920712A-33DC-40E6-A049-E058D31F9140}.Release|x64.ActiveCfg = Release|Any CPU
		{D920712A-33DC-40E6-A049-E058D31F9140}.Release|x64.Build.0 = Release|Any CPU
		{D920712A-33DC-40E6-A049-E058D31F9140}.Release|x86.ActiveCfg = Release|Any CPU
		{D920712A-33DC-40E6-A049-E058D31F9140}.Release|x86.Build.0 = Release|Any CPU
		{25258D46-120A-432A-A763-C04D749B1988}.Debug|Any CPU.ActiveCfg = Debug|Any CPU
		{25258D46-120A-432A-A763-C04D749B1988}.Debug|Any CPU.Build.0 = Debug|Any CPU
		{25258D46-120A-432A-A763-C04D749B1988}.Debug|x64.ActiveCfg = Debug|Any CPU
		{25258D46-120A-432A-A763-C04D749B1988}.Debug|x64.Build.0 = Debug|Any CPU
		{25258D46-120A-432A-A763-C04D749B1988}.Debug|x86.ActiveCfg = Debug|Any CPU
		{25258D46-120A-432A-A763-C04D749B1988}.Debug|x86.Build.0 = Debug|Any CPU
		{25258D46-120A-432A-A763-C04D749B1988}.Release|Any CPU.ActiveCfg = Release|Any CPU
		{25258D46-120A-432A-A763-C04D749B1988}.Release|Any CPU.Build.0 = Release|Any CPU
		{25258D46-120A-432A-A763-C04D749B1988}.Release|x64.ActiveCfg = Release|Any CPU
		{25258D46-120A-432A-A763-C04D749B1988}.Release|x64.Build.0 = Release|Any CPU
		{25258D46-120A-432A-A763-C04D749B1988}.Release|x86.ActiveCfg = Release|Any CPU
		{25258D46-120A-432A-A763-C04D749B1988}.Release|x86.Build.0 = Release|Any CPU
	EndGlobalSection
EndGlobal
